
Microsoft Visual Studio Solution File, Format Version 12.00
# Visual Studio 15
VisualStudioVersion = 15.0.26730.16
MinimumVisualStudioVersion = 10.0.40219.1
Project("{8BC9CEB8-8B4A-11D0-8D11-00A0C91BC942}") = "suanPan", "suanPan\suanPan.vcxproj", "{DFE098B0-CE36-42BC-AB34-3C7146543F57}"
	ProjectSection(ProjectDependencies) = postProject
		{1811B701-0D47-4AE8-81AC-666F1CC678C4} = {1811B701-0D47-4AE8-81AC-666F1CC678C4}
		{32BF8D17-E0BE-4EB5-8320-7B191DC17FB3} = {32BF8D17-E0BE-4EB5-8320-7B191DC17FB3}
		{D3861C83-A17B-4E86-9B74-C23A3F0D2454} = {D3861C83-A17B-4E86-9B74-C23A3F0D2454}
		{70659FC4-75F8-410A-9550-EFD0583861DB} = {70659FC4-75F8-410A-9550-EFD0583861DB}
	EndProjectSection
EndProject
Project("{8BC9CEB8-8B4A-11D0-8D11-00A0C91BC942}") = "Material", "Material\Material.vcxproj", "{70659FC4-75F8-410A-9550-EFD0583861DB}"
EndProject
Project("{8BC9CEB8-8B4A-11D0-8D11-00A0C91BC942}") = "Element", "Element\Element.vcxproj", "{1811B701-0D47-4AE8-81AC-666F1CC678C4}"
EndProject
Project("{8BC9CEB8-8B4A-11D0-8D11-00A0C91BC942}") = "ElementExample", "ElementExample\ElementExample.vcxproj", "{3763B48A-A715-4CA6-A768-BE3E071E2081}"
EndProject
Project("{8BC9CEB8-8B4A-11D0-8D11-00A0C91BC942}") = "MaterialExample", "MaterialExample\MaterialExample.vcxproj", "{1B02D5F5-714F-4C47-BD65-8878457B7761}"
EndProject
Project("{8BC9CEB8-8B4A-11D0-8D11-00A0C91BC942}") = "Converger", "Converger\Converger.vcxproj", "{32BF8D17-E0BE-4EB5-8320-7B191DC17FB3}"
EndProject
Project("{8BC9CEB8-8B4A-11D0-8D11-00A0C91BC942}") = "Solver", "Solver\Solver.vcxproj", "{D3861C83-A17B-4E86-9B74-C23A3F0D2454}"
EndProject
Project("{8BC9CEB8-8B4A-11D0-8D11-00A0C91BC942}") = "ModuleBundle", "ModuleBundle\ModuleBundle.vcxproj", "{DA37F05E-F5C7-4298-AFB6-F11B9E3D1EB8}"
EndProject
Global
	GlobalSection(SolutionConfigurationPlatforms) = preSolution
		Debug|x64 = Debug|x64
		Debug|x86 = Debug|x86
		Release|x64 = Release|x64
		Release|x86 = Release|x86
	EndGlobalSection
	GlobalSection(ProjectConfigurationPlatforms) = postSolution
		{DFE098B0-CE36-42BC-AB34-3C7146543F57}.Debug|x64.ActiveCfg = Debug|x64
		{DFE098B0-CE36-42BC-AB34-3C7146543F57}.Debug|x64.Build.0 = Debug|x64
		{DFE098B0-CE36-42BC-AB34-3C7146543F57}.Debug|x86.ActiveCfg = Debug|Win32
		{DFE098B0-CE36-42BC-AB34-3C7146543F57}.Debug|x86.Build.0 = Debug|Win32
		{DFE098B0-CE36-42BC-AB34-3C7146543F57}.Release|x64.ActiveCfg = Release|x64
		{DFE098B0-CE36-42BC-AB34-3C7146543F57}.Release|x64.Build.0 = Release|x64
		{DFE098B0-CE36-42BC-AB34-3C7146543F57}.Release|x86.ActiveCfg = Release|Win32
		{DFE098B0-CE36-42BC-AB34-3C7146543F57}.Release|x86.Build.0 = Release|Win32
		{70659FC4-75F8-410A-9550-EFD0583861DB}.Debug|x64.ActiveCfg = Debug|x64
		{70659FC4-75F8-410A-9550-EFD0583861DB}.Debug|x64.Build.0 = Debug|x64
		{70659FC4-75F8-410A-9550-EFD0583861DB}.Debug|x86.ActiveCfg = Debug|Win32
		{70659FC4-75F8-410A-9550-EFD0583861DB}.Debug|x86.Build.0 = Debug|Win32
		{70659FC4-75F8-410A-9550-EFD0583861DB}.Release|x64.ActiveCfg = Release|x64
		{70659FC4-75F8-410A-9550-EFD0583861DB}.Release|x64.Build.0 = Release|x64
		{70659FC4-75F8-410A-9550-EFD0583861DB}.Release|x86.ActiveCfg = Release|Win32
		{70659FC4-75F8-410A-9550-EFD0583861DB}.Release|x86.Build.0 = Release|Win32
		{1811B701-0D47-4AE8-81AC-666F1CC678C4}.Debug|x64.ActiveCfg = Debug|x64
		{1811B701-0D47-4AE8-81AC-666F1CC678C4}.Debug|x64.Build.0 = Debug|x64
		{1811B701-0D47-4AE8-81AC-666F1CC678C4}.Debug|x86.ActiveCfg = Debug|Win32
		{1811B701-0D47-4AE8-81AC-666F1CC678C4}.Debug|x86.Build.0 = Debug|Win32
		{1811B701-0D47-4AE8-81AC-666F1CC678C4}.Release|x64.ActiveCfg = Release|x64
		{1811B701-0D47-4AE8-81AC-666F1CC678C4}.Release|x64.Build.0 = Release|x64
		{1811B701-0D47-4AE8-81AC-666F1CC678C4}.Release|x86.ActiveCfg = Release|Win32
		{1811B701-0D47-4AE8-81AC-666F1CC678C4}.Release|x86.Build.0 = Release|Win32
		{3763B48A-A715-4CA6-A768-BE3E071E2081}.Debug|x64.ActiveCfg = Debug|x64
		{3763B48A-A715-4CA6-A768-BE3E071E2081}.Debug|x64.Build.0 = Debug|x64
		{3763B48A-A715-4CA6-A768-BE3E071E2081}.Debug|x86.ActiveCfg = Debug|Win32
		{3763B48A-A715-4CA6-A768-BE3E071E2081}.Debug|x86.Build.0 = Debug|Win32
		{3763B48A-A715-4CA6-A768-BE3E071E2081}.Release|x64.ActiveCfg = Release|x64
		{3763B48A-A715-4CA6-A768-BE3E071E2081}.Release|x64.Build.0 = Release|x64
		{3763B48A-A715-4CA6-A768-BE3E071E2081}.Release|x86.ActiveCfg = Release|Win32
		{3763B48A-A715-4CA6-A768-BE3E071E2081}.Release|x86.Build.0 = Release|Win32
		{1B02D5F5-714F-4C47-BD65-8878457B7761}.Debug|x64.ActiveCfg = Debug|x64
		{1B02D5F5-714F-4C47-BD65-8878457B7761}.Debug|x64.Build.0 = Debug|x64
		{1B02D5F5-714F-4C47-BD65-8878457B7761}.Debug|x86.ActiveCfg = Debug|Win32
		{1B02D5F5-714F-4C47-BD65-8878457B7761}.Debug|x86.Build.0 = Debug|Win32
		{1B02D5F5-714F-4C47-BD65-8878457B7761}.Release|x64.ActiveCfg = Release|x64
		{1B02D5F5-714F-4C47-BD65-8878457B7761}.Release|x64.Build.0 = Release|x64
		{1B02D5F5-714F-4C47-BD65-8878457B7761}.Release|x86.ActiveCfg = Release|Win32
		{1B02D5F5-714F-4C47-BD65-8878457B7761}.Release|x86.Build.0 = Release|Win32
		{32BF8D17-E0BE-4EB5-8320-7B191DC17FB3}.Debug|x64.ActiveCfg = Debug|x64
		{32BF8D17-E0BE-4EB5-8320-7B191DC17FB3}.Debug|x64.Build.0 = Debug|x64
		{32BF8D17-E0BE-4EB5-8320-7B191DC17FB3}.Debug|x86.ActiveCfg = Debug|Win32
		{32BF8D17-E0BE-4EB5-8320-7B191DC17FB3}.Debug|x86.Build.0 = Debug|Win32
		{32BF8D17-E0BE-4EB5-8320-7B191DC17FB3}.Release|x64.ActiveCfg = Release|x64
		{32BF8D17-E0BE-4EB5-8320-7B191DC17FB3}.Release|x64.Build.0 = Release|x64
		{32BF8D17-E0BE-4EB5-8320-7B191DC17FB3}.Release|x86.ActiveCfg = Release|Win32
		{32BF8D17-E0BE-4EB5-8320-7B191DC17FB3}.Release|x86.Build.0 = Release|Win32
		{D3861C83-A17B-4E86-9B74-C23A3F0D2454}.Debug|x64.ActiveCfg = Debug|x64
		{D3861C83-A17B-4E86-9B74-C23A3F0D2454}.Debug|x64.Build.0 = Debug|x64
		{D3861C83-A17B-4E86-9B74-C23A3F0D2454}.Debug|x86.ActiveCfg = Debug|Win32
		{D3861C83-A17B-4E86-9B74-C23A3F0D2454}.Debug|x86.Build.0 = Debug|Win32
		{D3861C83-A17B-4E86-9B74-C23A3F0D2454}.Release|x64.ActiveCfg = Release|x64
		{D3861C83-A17B-4E86-9B74-C23A3F0D2454}.Release|x64.Build.0 = Release|x64
		{D3861C83-A17B-4E86-9B74-C23A3F0D2454}.Release|x86.ActiveCfg = Release|Win32
		{D3861C83-A17B-4E86-9B74-C23A3F0D2454}.Release|x86.Build.0 = Release|Win32
		{DA37F05E-F5C7-4298-AFB6-F11B9E3D1EB8}.Debug|x64.ActiveCfg = Debug|x64
		{DA37F05E-F5C7-4298-AFB6-F11B9E3D1EB8}.Debug|x64.Build.0 = Debug|x64
		{DA37F05E-F5C7-4298-AFB6-F11B9E3D1EB8}.Debug|x86.ActiveCfg = Debug|Win32
		{DA37F05E-F5C7-4298-AFB6-F11B9E3D1EB8}.Debug|x86.Build.0 = Debug|Win32
		{DA37F05E-F5C7-4298-AFB6-F11B9E3D1EB8}.Release|x64.ActiveCfg = Release|x64
		{DA37F05E-F5C7-4298-AFB6-F11B9E3D1EB8}.Release|x64.Build.0 = Release|x64
		{DA37F05E-F5C7-4298-AFB6-F11B9E3D1EB8}.Release|x86.ActiveCfg = Release|Win32
		{DA37F05E-F5C7-4298-AFB6-F11B9E3D1EB8}.Release|x86.Build.0 = Release|Win32
	EndGlobalSection
	GlobalSection(SolutionProperties) = preSolution
		HideSolutionNode = FALSE
	EndGlobalSection
	GlobalSection(ExtensibilityGlobals) = postSolution
		SolutionGuid = {D0E70EEE-4340-4EBC-9497-5F190FA9E6F4}
	EndGlobalSection
EndGlobal
