<?xml version="1.0" encoding="utf-8"?>
<Project ToolsVersion="4.0" xmlns="http://schemas.microsoft.com/developer/msbuild/2003">
  <ItemGroup>
    <Filter Include="Integrator">
      <UniqueIdentifier>{93995380-89BD-4b04-88EB-625FBE52EBFB}</UniqueIdentifier>
      <Extensions>h;hh;hpp;hxx;hm;inl;inc;xsd</Extensions>
    </Filter>
    <Filter Include="Solver">
      <UniqueIdentifier>{67DA6AB6-F800-4c08-8B7A-83BB121AAD01}</UniqueIdentifier>
      <Extensions>rc;ico;cur;bmp;dlg;rc2;rct;bin;rgs;gif;jpg;jpeg;jpe;resx;tiff;tif;png;wav;mfcribbon-ms</Extensions>
    </Filter>
    <Filter Include="ODE Solver">
      <UniqueIdentifier>{4FC737F1-C7A5-4376-A066-2A32D752A2FF}</UniqueIdentifier>
      <Extensions>cpp;c;cc;cxx;def;odl;idl;hpj;bat;asm;asmx</Extensions>
    </Filter>
  </ItemGroup>
  <ItemGroup>
    <ClCompile Include="..\..\..\Solver\Integrator\Integrator.cpp">
      <Filter>Integrator</Filter>
    </ClCompile>
    <ClCompile Include="..\..\..\Solver\Integrator\Newmark.cpp">
      <Filter>Integrator</Filter>
    </ClCompile>
    <ClCompile Include="..\..\..\Solver\Integrator\CentralDifference.cpp">
      <Filter>Integrator</Filter>
    </ClCompile>
    <ClCompile Include="..\..\..\Solver\ODE_Solver\ODE_Solver.cpp">
      <Filter>ODE Solver</Filter>
    </ClCompile>
    <ClCompile Include="..\..\..\Solver\ODE_Solver\RK23.cpp">
      <Filter>ODE Solver</Filter>
    </ClCompile>
    <ClCompile Include="..\..\..\Solver\ODE_Solver\RK45.cpp">
      <Filter>ODE Solver</Filter>
    </ClCompile>
    <ClCompile Include="..\..\..\Solver\ODE_Solver\DP45.cpp">
      <Filter>ODE Solver</Filter>
    </ClCompile>
    <ClCompile Include="..\..\..\Solver\ODE_Solver\BS23.cpp">
      <Filter>ODE Solver</Filter>
    </ClCompile>
    <ClCompile Include="..\..\..\Solver\BFGS.cpp">
      <Filter>Solver</Filter>
    </ClCompile>
    <ClCompile Include="..\..\..\Solver\Newton.cpp">
      <Filter>Solver</Filter>
    </ClCompile>
    <ClCompile Include="..\..\..\Solver\Ramm.cpp">
      <Filter>Solver</Filter>
    </ClCompile>
    <ClCompile Include="..\..\..\Solver\Solver.cpp">
      <Filter>Solver</Filter>
    </ClCompile>
    <ClCompile Include="..\..\..\Solver\ODE_Solver\ODE.cpp">
      <Filter>ODE Solver</Filter>
    </ClCompile>
    <ClCompile Include="..\..\..\Solver\Arnoldi.cpp">
      <Filter>Solver</Filter>
    </ClCompile>
    <ClCompile Include="..\..\..\Solver\Integrator\GeneralizedAlpha.cpp">
      <Filter>Integrator</Filter>
    </ClCompile>
    <ClCompile Include="..\..\..\Solver\ODE_Solver\ODE_Explicit.cpp">
      <Filter>ODE Solver</Filter>
    </ClCompile>
    <ClCompile Include="..\..\..\Solver\ODE_Solver\ODE_Implicit.cpp">
      <Filter>ODE Solver</Filter>
    </ClCompile>
    <ClCompile Include="..\..\..\Solver\ODE_Solver\ABM4.cpp">
      <Filter>ODE Solver</Filter>
    </ClCompile>
    <ClCompile Include="..\..\..\Solver\ODE_Solver\ABM2.cpp">
      <Filter>ODE Solver</Filter>
    </ClCompile>
    <ClCompile Include="..\..\..\Solver\ODE_Solver\ABM3.cpp">
      <Filter>ODE Solver</Filter>
    </ClCompile>
    <ClCompile Include="..\..\..\Solver\MPDC.cpp">
      <Filter>Solver</Filter>
    </ClCompile>
  </ItemGroup>
  <ItemGroup>
    <ClInclude Include="..\..\..\Solver\Integrator\Integrator.h">
      <Filter>Integrator</Filter>
    </ClInclude>
    <ClInclude Include="..\..\..\Solver\Integrator\Newmark.h">
      <Filter>Integrator</Filter>
    </ClInclude>
    <ClInclude Include="..\..\..\Solver\Integrator\CentralDifference.h">
      <Filter>Integrator</Filter>
    </ClInclude>
    <ClInclude Include="..\..\..\Solver\ODE_Solver\ODE_Solver.h">
      <Filter>ODE Solver</Filter>
    </ClInclude>
    <ClInclude Include="..\..\..\Solver\ODE_Solver\RK23.h">
      <Filter>ODE Solver</Filter>
    </ClInclude>
    <ClInclude Include="..\..\..\Solver\ODE_Solver\RK45.h">
      <Filter>ODE Solver</Filter>
    </ClInclude>
    <ClInclude Include="..\..\..\Solver\ODE_Solver\DP45.h">
      <Filter>ODE Solver</Filter>
    </ClInclude>
    <ClInclude Include="..\..\..\Solver\ODE_Solver\BS23.h">
      <Filter>ODE Solver</Filter>
    </ClInclude>
    <ClInclude Include="..\..\..\Solver\BFGS.h">
      <Filter>Solver</Filter>
    </ClInclude>
    <ClInclude Include="..\..\..\Solver\Newton.h">
      <Filter>Solver</Filter>
    </ClInclude>
    <ClInclude Include="..\..\..\Solver\Ramm.h">
      <Filter>Solver</Filter>
    </ClInclude>
    <ClInclude Include="..\..\..\Solver\Solver.h">
      <Filter>Solver</Filter>
    </ClInclude>
    <ClInclude Include="..\..\..\Solver\ODE_Solver\ODE.h">
      <Filter>ODE Solver</Filter>
    </ClInclude>
    <ClInclude Include="..\..\..\Solver\Arnoldi.h">
      <Filter>Solver</Filter>
    </ClInclude>
    <ClInclude Include="..\..\..\Solver\Integrator\GeneralizedAlpha.h">
      <Filter>Integrator</Filter>
    </ClInclude>
    <ClInclude Include="..\..\..\Solver\ODE_Solver\ODE_Explicit.h">
      <Filter>ODE Solver</Filter>
    </ClInclude>
    <ClInclude Include="..\..\..\Solver\ODE_Solver\ODE_Implicit.h">
      <Filter>ODE Solver</Filter>
    </ClInclude>
    <ClInclude Include="..\..\..\Solver\ODE_Solver\ODE_INSTANCE.h">
      <Filter>ODE Solver</Filter>
    </ClInclude>
    <ClInclude Include="..\..\..\Solver\ODE_Solver\ABM4.h">
      <Filter>ODE Solver</Filter>
    </ClInclude>
    <ClInclude Include="..\..\..\Solver\ODE_Solver\ABM2.h">
      <Filter>ODE Solver</Filter>
    </ClInclude>
    <ClInclude Include="..\..\..\Solver\ODE_Solver\ABM3.h">
      <Filter>ODE Solver</Filter>
    </ClInclude>
    <ClInclude Include="..\..\..\Domain\Factory.hpp">
      <Filter>Solver</Filter>
    </ClInclude>
    <ClInclude Include="..\..\..\Solver\MPDC.h">
      <Filter>Solver</Filter>
    </ClInclude>
  </ItemGroup>
</Project>