<?xml version="1.0" encoding="utf-8"?>
<Project ToolsVersion="4.0" xmlns="http://schemas.microsoft.com/developer/msbuild/2003">
  <ItemGroup>
    <Filter Include="Source Files">
      <UniqueIdentifier>{4FC737F1-C7A5-4376-A066-2A32D752A2FF}</UniqueIdentifier>
      <Extensions>cpp;c;cc;cxx;def;odl;idl;hpj;bat;asm;asmx</Extensions>
    </Filter>
    <Filter Include="Solver">
      <UniqueIdentifier>{038d868d-f52f-415f-8ecd-4b018ba46aed}</UniqueIdentifier>
    </Filter>
    <Filter Include="Header">
      <UniqueIdentifier>{93995380-89BD-4b04-88EB-625FBE52EBFB}</UniqueIdentifier>
      <Extensions>h;hh;hpp;hxx;hm;inl;inc;xsd</Extensions>
    </Filter>
    <Filter Include="Main">
      <UniqueIdentifier>{67DA6AB6-F800-4c08-8B7A-83BB121AAD01}</UniqueIdentifier>
      <Extensions>rc;ico;cur;bmp;dlg;rc2;rct;bin;rgs;gif;jpg;jpeg;jpe;resx;tiff;tif;png;wav;mfcribbon-ms</Extensions>
    </Filter>
    <Filter Include="Parser">
      <UniqueIdentifier>{92394c5f-c204-4173-a50c-16c2b4503795}</UniqueIdentifier>
    </Filter>
    <Filter Include="Converger">
      <UniqueIdentifier>{2e459f7e-dd55-4cd7-849b-d01cf9fd6550}</UniqueIdentifier>
    </Filter>
    <Filter Include="Armadillo-Ext">
      <UniqueIdentifier>{0b4a335f-a2b9-4109-9d4d-5bba6edcd69d}</UniqueIdentifier>
    </Filter>
  </ItemGroup>
  <ItemGroup>
    <ClCompile Include="..\..\..\suanPan_Main.cpp">
      <Filter>Main</Filter>
    </ClCompile>
    <ClCompile Include="..\..\..\Constraint\BC\BC.cpp">
      <Filter>Source Files</Filter>
    </ClCompile>
    <ClCompile Include="..\..\..\Constraint\Constraint.cpp">
      <Filter>Source Files</Filter>
    </ClCompile>
    <ClCompile Include="..\..\..\Constraint\MPC.cpp">
      <Filter>Source Files</Filter>
    </ClCompile>
    <ClCompile Include="..\..\..\Constraint\Tie.cpp">
      <Filter>Source Files</Filter>
    </ClCompile>
    <ClCompile Include="..\..\..\Domain\Domain.cpp">
      <Filter>Source Files</Filter>
    </ClCompile>
    <ClCompile Include="..\..\..\Domain\Node.cpp">
      <Filter>Source Files</Filter>
    </ClCompile>
    <ClCompile Include="..\..\..\Domain\Storage.cpp">
      <Filter>Source Files</Filter>
    </ClCompile>
    <ClCompile Include="..\..\..\Domain\Tag.cpp">
      <Filter>Source Files</Filter>
    </ClCompile>
    <ClCompile Include="..\..\..\Domain\Workroom.cpp">
      <Filter>Source Files</Filter>
    </ClCompile>
    <ClCompile Include="..\..\..\Load\Amplitude\Amplitude.cpp">
      <Filter>Source Files</Filter>
    </ClCompile>
    <ClCompile Include="..\..\..\Load\Amplitude\Ramp.cpp">
      <Filter>Source Files</Filter>
    </ClCompile>
    <ClCompile Include="..\..\..\Load\Amplitude\Tabular.cpp">
      <Filter>Source Files</Filter>
    </ClCompile>
    <ClCompile Include="..\..\..\Load\CLoad.cpp">
      <Filter>Source Files</Filter>
    </ClCompile>
    <ClCompile Include="..\..\..\Load\Load.cpp">
      <Filter>Source Files</Filter>
    </ClCompile>
    <ClCompile Include="..\..\..\Recorder\Recorder.cpp">
      <Filter>Source Files</Filter>
    </ClCompile>
    <ClCompile Include="..\..\..\Step\Analysis.cpp">
      <Filter>Source Files</Filter>
    </ClCompile>
    <ClCompile Include="..\..\..\Step\Dynamic.cpp">
      <Filter>Source Files</Filter>
    </ClCompile>
    <ClCompile Include="..\..\..\Step\Frequence.cpp">
      <Filter>Source Files</Filter>
    </ClCompile>
    <ClCompile Include="..\..\..\Step\Static.cpp">
      <Filter>Source Files</Filter>
    </ClCompile>
    <ClCompile Include="..\..\..\Step\Step.cpp">
      <Filter>Source Files</Filter>
    </ClCompile>
    <ClCompile Include="..\..\..\Toolbox\integrationPlan.cpp">
      <Filter>Source Files</Filter>
    </ClCompile>
    <ClCompile Include="..\..\..\Toolbox\shapeFunctionQuad.cpp">
      <Filter>Source Files</Filter>
    </ClCompile>
    <ClCompile Include="..\..\..\Toolbox\tensorToolbox.cpp">
      <Filter>Source Files</Filter>
    </ClCompile>
    <ClCompile Include="..\..\..\Solver\ODE_Solver\RK45.cpp">
      <Filter>Solver</Filter>
    </ClCompile>
    <ClCompile Include="..\..\..\Solver\ODE_Solver\RK23.cpp">
      <Filter>Solver</Filter>
    </ClCompile>
    <ClCompile Include="..\..\..\Solver\ODE_Solver\BS23.cpp">
      <Filter>Solver</Filter>
    </ClCompile>
    <ClCompile Include="..\..\..\Solver\ODE_Solver\DP45.cpp">
      <Filter>Solver</Filter>
    </ClCompile>
    <ClCompile Include="..\..\..\Solver\ODE_Solver\ODE_Solver.cpp">
      <Filter>Solver</Filter>
    </ClCompile>
    <ClCompile Include="..\..\..\Solver\Newton.cpp">
      <Filter>Solver</Filter>
    </ClCompile>
    <ClCompile Include="..\..\..\Solver\BFGS.cpp">
      <Filter>Solver</Filter>
    </ClCompile>
    <ClCompile Include="..\..\..\Solver\Solver.cpp">
      <Filter>Solver</Filter>
    </ClCompile>
    <ClCompile Include="..\..\..\Solver\Ramm.cpp">
      <Filter>Solver</Filter>
    </ClCompile>
    <ClCompile Include="..\..\..\Solver\User_Function.cpp">
      <Filter>Solver</Filter>
    </ClCompile>
    <ClCompile Include="..\..\..\Solver\ODE.cpp">
      <Filter>Solver</Filter>
    </ClCompile>
    <ClCompile Include="..\..\..\Domain\ExternalModule.cpp">
      <Filter>Source Files</Filter>
    </ClCompile>
    <ClCompile Include="..\..\..\Toolbox\debug.cpp">
      <Filter>Source Files</Filter>
    </ClCompile>
    <ClCompile Include="..\..\..\Step\Bead.cpp">
      <Filter>Source Files</Filter>
    </ClCompile>
    <ClCompile Include="..\..\..\Toolbox\commandParser.cpp">
      <Filter>Parser</Filter>
    </ClCompile>
    <ClCompile Include="..\..\..\Toolbox\argumentParser.cpp">
      <Filter>Parser</Filter>
    </ClCompile>
    <ClCompile Include="..\..\..\Database\Database.cpp">
      <Filter>Source Files</Filter>
    </ClCompile>
    <ClCompile Include="..\..\..\Database\SQL.cpp">
      <Filter>Source Files</Filter>
    </ClCompile>
    <ClCompile Include="..\..\..\Database\HDF.cpp">
      <Filter>Source Files</Filter>
    </ClCompile>
    <ClCompile Include="..\..\..\Toolbox\utility.cpp">
      <Filter>Source Files</Filter>
    </ClCompile>
    <ClCompile Include="..\..\..\Recorder\NodeRecorder.cpp">
      <Filter>Source Files</Filter>
    </ClCompile>
    <ClCompile Include="..\..\..\Recorder\OutputList.cpp">
      <Filter>Source Files</Filter>
    </ClCompile>
    <ClCompile Include="..\..\..\Toolbox\RCM.cpp">
      <Filter>Source Files</Filter>
    </ClCompile>
    <ClCompile Include="..\..\..\Solver\Integrator\Integrator.cpp">
      <Filter>Solver</Filter>
    </ClCompile>
    <ClCompile Include="..\..\..\Solver\Integrator\CentralDifference.cpp">
      <Filter>Solver</Filter>
    </ClCompile>
    <ClCompile Include="..\..\..\Solver\Integrator\Newmark.cpp">
      <Filter>Solver</Filter>
    </ClCompile>
    <ClCompile Include="..\..\..\Converger\Converger.cpp">
      <Filter>Converger</Filter>
    </ClCompile>
    <ClCompile Include="..\..\..\Converger\RelDisp.cpp">
      <Filter>Converger</Filter>
    </ClCompile>
    <ClCompile Include="..\..\..\Converger\RelError.cpp">
      <Filter>Converger</Filter>
    </ClCompile>
    <ClCompile Include="..\..\..\Converger\RelIncreDisp.cpp">
      <Filter>Converger</Filter>
    </ClCompile>
    <ClCompile Include="..\..\..\Converger\AbsDisp.cpp">
      <Filter>Converger</Filter>
    </ClCompile>
    <ClCompile Include="..\..\..\Converger\AbsError.cpp">
      <Filter>Converger</Filter>
    </ClCompile>
    <ClCompile Include="..\..\..\Converger\AbsIncreDisp.cpp">
      <Filter>Converger</Filter>
    </ClCompile>
    <ClCompile Include="..\..\..\Converger\AbsResidual.cpp">
      <Filter>Converger</Filter>
    </ClCompile>
    <ClCompile Include="..\..\..\Converger\RelResidual.cpp">
      <Filter>Converger</Filter>
    </ClCompile>
    <ClCompile Include="..\..\..\Solver\arpack_wrapper.cpp">
      <Filter>Solver</Filter>
    </ClCompile>
    <ClCompile Include="..\..\..\Solver\lapack_wrapper.cpp">
      <Filter>Solver</Filter>
    </ClCompile>
  </ItemGroup>
  <ItemGroup>
    <ClInclude Include="..\..\..\suanPan.h">
      <Filter>Header</Filter>
    </ClInclude>
    <ClInclude Include="..\..\..\Toolbox\ClassTag.h">
      <Filter>Header</Filter>
    </ClInclude>
    <ClInclude Include="..\..\..\Recorder\Recorder.h">
      <Filter>Source Files</Filter>
    </ClInclude>
    <ClInclude Include="..\..\..\Solver\BFGS.h">
      <Filter>Solver</Filter>
    </ClInclude>
    <ClInclude Include="..\..\..\Solver\Newton.h">
      <Filter>Solver</Filter>
    </ClInclude>
    <ClInclude Include="..\..\..\Solver\ODE.h">
      <Filter>Solver</Filter>
    </ClInclude>
    <ClInclude Include="..\..\..\Solver\ODE_INSTANCE.h">
      <Filter>Solver</Filter>
    </ClInclude>
    <ClInclude Include="..\..\..\Solver\Ramm.h">
      <Filter>Solver</Filter>
    </ClInclude>
    <ClInclude Include="..\..\..\Solver\Solver.h">
      <Filter>Solver</Filter>
    </ClInclude>
    <ClInclude Include="..\..\..\Solver\User_Function.h">
      <Filter>Solver</Filter>
    </ClInclude>
    <ClInclude Include="..\..\..\Solver\ODE_Solver\BS23.h">
      <Filter>Solver</Filter>
    </ClInclude>
    <ClInclude Include="..\..\..\Solver\ODE_Solver\DP45.h">
      <Filter>Solver</Filter>
    </ClInclude>
    <ClInclude Include="..\..\..\Solver\ODE_Solver\ODE_Solver.h">
      <Filter>Solver</Filter>
    </ClInclude>
    <ClInclude Include="..\..\..\Solver\ODE_Solver\RK23.h">
      <Filter>Solver</Filter>
    </ClInclude>
    <ClInclude Include="..\..\..\Solver\ODE_Solver\RK45.h">
      <Filter>Solver</Filter>
    </ClInclude>
    <ClInclude Include="..\..\..\Step\Dynamic.h">
      <Filter>Source Files</Filter>
    </ClInclude>
    <ClInclude Include="..\..\..\Step\Frequence.h">
      <Filter>Source Files</Filter>
    </ClInclude>
    <ClInclude Include="..\..\..\Step\Static.h">
      <Filter>Source Files</Filter>
    </ClInclude>
    <ClInclude Include="..\..\..\Step\Step.h">
      <Filter>Source Files</Filter>
    </ClInclude>
    <ClInclude Include="..\..\..\Step\Analysis.h">
      <Filter>Source Files</Filter>
    </ClInclude>
    <ClInclude Include="..\..\..\Toolbox\tensorToolbox.h">
      <Filter>Source Files</Filter>
    </ClInclude>
    <ClInclude Include="..\..\..\Toolbox\testFunctions.h">
      <Filter>Source Files</Filter>
    </ClInclude>
    <ClInclude Include="..\..\..\Toolbox\integrationPlan.h">
      <Filter>Source Files</Filter>
    </ClInclude>
    <ClInclude Include="..\..\..\Toolbox\shapeFunctionQuad.h">
      <Filter>Source Files</Filter>
    </ClInclude>
    <ClInclude Include="..\..\..\Domain\Node.h">
      <Filter>Source Files</Filter>
    </ClInclude>
    <ClInclude Include="..\..\..\Domain\Storage.h">
      <Filter>Source Files</Filter>
    </ClInclude>
    <ClInclude Include="..\..\..\Domain\Tag.h">
      <Filter>Source Files</Filter>
    </ClInclude>
    <ClInclude Include="..\..\..\Domain\Workroom.h">
      <Filter>Source Files</Filter>
    </ClInclude>
    <ClInclude Include="..\..\..\Domain\Domain.h">
      <Filter>Source Files</Filter>
    </ClInclude>
    <ClInclude Include="..\..\..\Load\Amplitude\Amplitude.h">
      <Filter>Source Files</Filter>
    </ClInclude>
    <ClInclude Include="..\..\..\Load\Amplitude\Ramp.h">
      <Filter>Source Files</Filter>
    </ClInclude>
    <ClInclude Include="..\..\..\Load\Amplitude\Tabular.h">
      <Filter>Source Files</Filter>
    </ClInclude>
    <ClInclude Include="..\..\..\Load\Load.h">
      <Filter>Source Files</Filter>
    </ClInclude>
    <ClInclude Include="..\..\..\Load\CLoad.h">
      <Filter>Source Files</Filter>
    </ClInclude>
    <ClInclude Include="..\..\..\Constraint\MPC.h">
      <Filter>Source Files</Filter>
    </ClInclude>
    <ClInclude Include="..\..\..\Constraint\Tie.h">
      <Filter>Source Files</Filter>
    </ClInclude>
    <ClInclude Include="..\..\..\Constraint\Constraint.h">
      <Filter>Source Files</Filter>
    </ClInclude>
    <ClInclude Include="..\..\..\Constraint\BC\BC.h">
      <Filter>Source Files</Filter>
    </ClInclude>
    <ClInclude Include="..\..\..\Domain\ExternalModule.h">
      <Filter>Header</Filter>
    </ClInclude>
    <ClInclude Include="..\..\..\Toolbox\debug.h">
      <Filter>Source Files</Filter>
    </ClInclude>
    <ClInclude Include="..\..\..\Step\Bead.h">
      <Filter>Header</Filter>
    </ClInclude>
    <ClInclude Include="..\..\..\Toolbox\commandParser.h">
      <Filter>Parser</Filter>
    </ClInclude>
    <ClInclude Include="..\..\..\Toolbox\argumentParser.h">
      <Filter>Parser</Filter>
    </ClInclude>
    <ClInclude Include="..\..\..\Database\Database.h">
      <Filter>Header</Filter>
    </ClInclude>
    <ClInclude Include="..\..\..\Database\SQL.h">
      <Filter>Header</Filter>
    </ClInclude>
    <ClInclude Include="..\..\..\Database\HDF.h">
      <Filter>Header</Filter>
    </ClInclude>
    <ClInclude Include="..\..\..\Toolbox\utility.h">
      <Filter>Header</Filter>
    </ClInclude>
    <ClInclude Include="..\..\..\Recorder\OutputList.h">
      <Filter>Header</Filter>
    </ClInclude>
    <ClInclude Include="..\..\..\Recorder\NodeRecorder.h">
      <Filter>Header</Filter>
    </ClInclude>
    <ClInclude Include="..\..\..\Toolbox\RCM.h">
      <Filter>Source Files</Filter>
    </ClInclude>
    <ClInclude Include="..\..\..\Solver\Integrator\Newmark.h">
      <Filter>Solver</Filter>
    </ClInclude>
    <ClInclude Include="..\..\..\Solver\Integrator\CentralDifference.h">
      <Filter>Solver</Filter>
    </ClInclude>
    <ClInclude Include="..\..\..\Converger\Converger.h">
      <Filter>Converger</Filter>
    </ClInclude>
    <ClInclude Include="..\..\..\Converger\RelDisp.h">
      <Filter>Converger</Filter>
    </ClInclude>
    <ClInclude Include="..\..\..\Converger\RelError.h">
      <Filter>Converger</Filter>
    </ClInclude>
    <ClInclude Include="..\..\..\Converger\RelIncreDisp.h">
      <Filter>Converger</Filter>
    </ClInclude>
    <ClInclude Include="..\..\..\Converger\AbsDisp.h">
      <Filter>Converger</Filter>
    </ClInclude>
    <ClInclude Include="..\..\..\Converger\AbsError.h">
      <Filter>Converger</Filter>
    </ClInclude>
    <ClInclude Include="..\..\..\Converger\AbsIncreDisp.h">
      <Filter>Converger</Filter>
    </ClInclude>
    <ClInclude Include="..\..\..\Converger\AbsResidual.h">
      <Filter>Converger</Filter>
    </ClInclude>
    <ClInclude Include="..\..\..\Solver\Integrator\Integrator.h">
      <Filter>Solver</Filter>
    </ClInclude>
    <ClInclude Include="..\..\..\Converger\RelResidual.h">
      <Filter>Converger</Filter>
    </ClInclude>
    <ClInclude Include="..\..\..\Solver\arpack_wrapper.h">
      <Filter>Solver</Filter>
    </ClInclude>
    <ClInclude Include="..\..\..\Solver\lapack_wrapper.h">
      <Filter>Solver</Filter>
    </ClInclude>
    <ClInclude Include="..\..\..\Toolbox\PropertyType.h">
      <Filter>Header</Filter>
    </ClInclude>
    <ClInclude Include="..\..\..\Toolbox\SymmMat_meat.hpp">
      <Filter>Armadillo-Ext</Filter>
    </ClInclude>
    <ClInclude Include="..\..\..\Toolbox\SymmMat_bones.hpp">
      <Filter>Armadillo-Ext</Filter>
    </ClInclude>
    <ClInclude Include="..\..\..\Toolbox\SmOp_meat.hpp">
      <Filter>Armadillo-Ext</Filter>
    </ClInclude>
    <ClInclude Include="..\..\..\Toolbox\smop_inv_meat.hpp">
      <Filter>Armadillo-Ext</Filter>
    </ClInclude>
    <ClInclude Include="..\..\..\Toolbox\smop_inv_bones.hpp">
      <Filter>Armadillo-Ext</Filter>
    </ClInclude>
    <ClInclude Include="..\..\..\Toolbox\SmOp_bones.hpp">
      <Filter>Armadillo-Ext</Filter>
    </ClInclude>
    <ClInclude Include="..\..\..\Toolbox\BandMat_meat.hpp">
      <Filter>Armadillo-Ext</Filter>
    </ClInclude>
    <ClInclude Include="..\..\..\Toolbox\BandMat_bones.hpp">
      <Filter>Armadillo-Ext</Filter>
    </ClInclude>
    <ClInclude Include="..\..\..\Toolbox\fn_inv.hpp">
      <Filter>Armadillo-Ext</Filter>
    </ClInclude>
    <ClInclude Include="..\..\..\Toolbox\debug.hpp">
      <Filter>Armadillo-Ext</Filter>
    </ClInclude>
    <ClInclude Include="..\..\..\Toolbox\traits.hpp">
      <Filter>Armadillo-Ext</Filter>
    </ClInclude>
    <ClInclude Include="..\..\..\Toolbox\BdOp_bones.hpp">
      <Filter>Armadillo-Ext</Filter>
    </ClInclude>
    <ClInclude Include="..\..\..\Toolbox\BdOp_meat.hpp">
      <Filter>Armadillo-Ext</Filter>
    </ClInclude>
  </ItemGroup>
</Project>