<?xml version="1.0" encoding="utf-8"?>
<Project ToolsVersion="4.0" xmlns="http://schemas.microsoft.com/developer/msbuild/2003">
  <ItemGroup>
    <Filter Include="Base">
      <UniqueIdentifier>{4FC737F1-C7A5-4376-A066-2A32D752A2FF}</UniqueIdentifier>
      <Extensions>cpp;c;cc;cxx;def;odl;idl;hpj;bat;asm;asmx</Extensions>
    </Filter>
    <Filter Include="Membrane">
      <UniqueIdentifier>{67DA6AB6-F800-4c08-8B7A-83BB121AAD01}</UniqueIdentifier>
      <Extensions>rc;ico;cur;bmp;dlg;rc2;rct;bin;rgs;gif;jpg;jpeg;jpe;resx;tiff;tif;png;wav;mfcribbon-ms</Extensions>
    </Filter>
    <Filter Include="Truss">
      <UniqueIdentifier>{93995380-89BD-4b04-88EB-625FBE52EBFB}</UniqueIdentifier>
      <Extensions>h;hh;hpp;hxx;hm;inl;inc;xsd</Extensions>
    </Filter>
    <Filter Include="Section">
      <UniqueIdentifier>{56f5edb3-ffb4-4e65-9226-8b8ee150dd6c}</UniqueIdentifier>
    </Filter>
    <Filter Include="Cube">
      <UniqueIdentifier>{33b9a486-b7d8-42c7-84ec-96b32a9b6b7b}</UniqueIdentifier>
    </Filter>
  </ItemGroup>
  <ItemGroup>
    <ClCompile Include="..\..\..\Element\ElementTemplate.cpp">
      <Filter>Base</Filter>
    </ClCompile>
    <ClCompile Include="..\..\..\Element\Element.cpp">
      <Filter>Base</Filter>
    </ClCompile>
    <ClCompile Include="..\..\..\Element\Membrane\CP3.cpp">
      <Filter>Membrane</Filter>
    </ClCompile>
    <ClCompile Include="..\..\..\Element\Membrane\CP4.cpp">
      <Filter>Membrane</Filter>
    </ClCompile>
    <ClCompile Include="..\..\..\Element\Membrane\QE2.cpp">
      <Filter>Membrane</Filter>
    </ClCompile>
    <ClCompile Include="..\..\..\Element\Membrane\PS.cpp">
      <Filter>Membrane</Filter>
    </ClCompile>
    <ClCompile Include="..\..\..\Element\Membrane\GQ12.cpp">
      <Filter>Membrane</Filter>
    </ClCompile>
    <ClCompile Include="..\..\..\Element\Truss\Truss2D.cpp">
      <Filter>Truss</Filter>
    </ClCompile>
    <ClCompile Include="..\..\..\Element\Section\Section.cpp">
      <Filter>Section</Filter>
    </ClCompile>
    <ClCompile Include="..\..\..\Element\Cube\C3D8.cpp">
      <Filter>Cube</Filter>
    </ClCompile>
    <ClCompile Include="..\..\..\Element\Membrane\Proto01.cpp">
      <Filter>Membrane</Filter>
    </ClCompile>
    <ClCompile Include="..\..\..\Element\ElementParser.cpp">
      <Filter>Base</Filter>
    </ClCompile>
  </ItemGroup>
  <ItemGroup>
    <ClInclude Include="..\..\..\Element\Cube\C3D8.h">
      <Filter>Cube</Filter>
    </ClInclude>
    <ClInclude Include="..\..\..\Element\ElementTemplate.h">
      <Filter>Base</Filter>
    </ClInclude>
    <ClInclude Include="..\..\..\Element\Element.h">
      <Filter>Base</Filter>
    </ClInclude>
    <ClInclude Include="..\..\..\Element\Membrane\CP3.h">
      <Filter>Membrane</Filter>
    </ClInclude>
    <ClInclude Include="..\..\..\Element\Membrane\CP4.h">
      <Filter>Membrane</Filter>
    </ClInclude>
    <ClInclude Include="..\..\..\Element\Membrane\GQ12.h">
      <Filter>Membrane</Filter>
    </ClInclude>
    <ClInclude Include="..\..\..\Element\Membrane\PS.h">
      <Filter>Membrane</Filter>
    </ClInclude>
    <ClInclude Include="..\..\..\Element\Membrane\QE2.h">
      <Filter>Membrane</Filter>
    </ClInclude>
    <ClInclude Include="..\..\..\Element\Section\Section.h">
      <Filter>Section</Filter>
    </ClInclude>
    <ClInclude Include="..\..\..\Element\Truss\Truss2D.h">
      <Filter>Truss</Filter>
    </ClInclude>
    <ClInclude Include="..\..\..\Element\Membrane\Proto01.h">
      <Filter>Membrane</Filter>
    </ClInclude>
    <ClInclude Include="..\..\..\Element\ElementParser.h">
      <Filter>Base</Filter>
    </ClInclude>
  </ItemGroup>
</Project>