<?xml version="1.0" encoding="utf-8"?>
<Project ToolsVersion="4.0" xmlns="http://schemas.microsoft.com/developer/msbuild/2003">
  <ItemGroup>
    <Filter Include="Base">
      <UniqueIdentifier>{4FC737F1-C7A5-4376-A066-2A32D752A2FF}</UniqueIdentifier>
      <Extensions>cpp;c;cc;cxx;def;odl;idl;hpj;bat;asm;asmx</Extensions>
    </Filter>
    <Filter Include="Material2D">
      <UniqueIdentifier>{c788e7e3-f70e-4c07-8486-4a6c86010cf2}</UniqueIdentifier>
    </Filter>
    <Filter Include="Material1D">
      <UniqueIdentifier>{d0255a2f-49fe-4e18-ac88-2e804b10730b}</UniqueIdentifier>
    </Filter>
    <Filter Include="Material3D">
      <UniqueIdentifier>{af05f7dd-291f-47a1-85c8-9cdc30cf3b59}</UniqueIdentifier>
    </Filter>
  </ItemGroup>
  <ItemGroup>
    <ClCompile Include="..\..\..\Material\Material.cpp">
      <Filter>Base</Filter>
    </ClCompile>
    <ClCompile Include="..\..\..\Material\MaterialTemplate.cpp">
      <Filter>Base</Filter>
    </ClCompile>
    <ClCompile Include="..\..\..\Material\MaterialParser.cpp">
      <Filter>Base</Filter>
    </ClCompile>
    <ClCompile Include="..\..\..\Material\Material1D\Gap01.cpp">
      <Filter>Material1D</Filter>
    </ClCompile>
    <ClCompile Include="..\..\..\Material\Material1D\Material1D.cpp">
      <Filter>Material1D</Filter>
    </ClCompile>
    <ClCompile Include="..\..\..\Material\Material1D\MPF.cpp">
      <Filter>Material1D</Filter>
    </ClCompile>
    <ClCompile Include="..\..\..\Material\Material1D\RambergOsgood.cpp">
      <Filter>Material1D</Filter>
    </ClCompile>
    <ClCompile Include="..\..\..\Material\Material1D\Bilinear1D.cpp">
      <Filter>Material1D</Filter>
    </ClCompile>
    <ClCompile Include="..\..\..\Material\Material1D\Concrete01.cpp">
      <Filter>Material1D</Filter>
    </ClCompile>
    <ClCompile Include="..\..\..\Material\Material1D\Elastic1D.cpp">
      <Filter>Material1D</Filter>
    </ClCompile>
    <ClCompile Include="..\..\..\Material\Material3D\Bilinear3D.cpp">
      <Filter>Material3D</Filter>
    </ClCompile>
    <ClCompile Include="..\..\..\Material\Material3D\Elastic3D.cpp">
      <Filter>Material3D</Filter>
    </ClCompile>
    <ClCompile Include="..\..\..\Material\Material3D\Material3D.cpp">
      <Filter>Material3D</Filter>
    </ClCompile>
    <ClCompile Include="..\..\..\Material\Material2D\Bilinear2D.cpp">
      <Filter>Material2D</Filter>
    </ClCompile>
    <ClCompile Include="..\..\..\Material\Material2D\Concrete2D.cpp">
      <Filter>Material2D</Filter>
    </ClCompile>
    <ClCompile Include="..\..\..\Material\Material2D\Elastic2D.cpp">
      <Filter>Material2D</Filter>
    </ClCompile>
    <ClCompile Include="..\..\..\Material\Material2D\Material2D.cpp">
      <Filter>Material2D</Filter>
    </ClCompile>
    <ClCompile Include="..\..\..\Material\Material2D\RebarLayer.cpp">
      <Filter>Material2D</Filter>
    </ClCompile>
    <ClCompile Include="..\..\..\Material\Material1D\Tester1D.cpp">
      <Filter>Material1D</Filter>
    </ClCompile>
    <ClCompile Include="..\..\..\Material\Material1D\Maxwell.cpp">
      <Filter>Material1D</Filter>
    </ClCompile>
    <ClCompile Include="..\..\..\Material\Material1D\Viscosity1D.cpp">
      <Filter>Material1D</Filter>
    </ClCompile>
    <ClCompile Include="..\..\..\Material\Material2D\CSMM.cpp">
      <Filter>Material2D</Filter>
    </ClCompile>
    <ClCompile Include="..\..\..\Material\Material2D\RC01.cpp">
      <Filter>Material2D</Filter>
    </ClCompile>
    <ClCompile Include="..\..\..\Material\Material2D\DSFM.cpp">
      <Filter>Material2D</Filter>
    </ClCompile>
    <ClCompile Include="..\..\..\Material\Material2D\PlaneStress.cpp">
      <Filter>Material2D</Filter>
    </ClCompile>
    <ClCompile Include="..\..\..\Material\Material2D\PlaneStrain.cpp">
      <Filter>Material2D</Filter>
    </ClCompile>
    <ClCompile Include="..\..\..\Material\Material1D\BilinearElastic1D.cpp">
      <Filter>Material1D</Filter>
    </ClCompile>
    <ClCompile Include="..\..\..\Material\Material3D\CDP.cpp">
      <Filter>Material3D</Filter>
    </ClCompile>
  </ItemGroup>
  <ItemGroup>
    <ClInclude Include="..\..\..\Material\MaterialTemplate.h">
      <Filter>Base</Filter>
    </ClInclude>
    <ClInclude Include="..\..\..\Material\Material.h">
      <Filter>Base</Filter>
    </ClInclude>
    <ClInclude Include="..\..\..\Material\MaterialParser.h">
      <Filter>Base</Filter>
    </ClInclude>
    <ClInclude Include="..\..\..\Material\MaterialTag.h">
      <Filter>Base</Filter>
    </ClInclude>
    <ClInclude Include="..\..\..\Material\Material1D\Bilinear1D.h">
      <Filter>Material1D</Filter>
    </ClInclude>
    <ClInclude Include="..\..\..\Material\Material1D\Concrete01.h">
      <Filter>Material1D</Filter>
    </ClInclude>
    <ClInclude Include="..\..\..\Material\Material1D\Elastic1D.h">
      <Filter>Material1D</Filter>
    </ClInclude>
    <ClInclude Include="..\..\..\Material\Material1D\Gap01.h">
      <Filter>Material1D</Filter>
    </ClInclude>
    <ClInclude Include="..\..\..\Material\Material1D\Material1D.h">
      <Filter>Material1D</Filter>
    </ClInclude>
    <ClInclude Include="..\..\..\Material\Material1D\MPF.h">
      <Filter>Material1D</Filter>
    </ClInclude>
    <ClInclude Include="..\..\..\Material\Material1D\RambergOsgood.h">
      <Filter>Material1D</Filter>
    </ClInclude>
    <ClInclude Include="..\..\..\Material\Material3D\Material3D.h">
      <Filter>Material3D</Filter>
    </ClInclude>
    <ClInclude Include="..\..\..\Material\Material3D\Bilinear3D.h">
      <Filter>Material3D</Filter>
    </ClInclude>
    <ClInclude Include="..\..\..\Material\Material3D\Elastic3D.h">
      <Filter>Material3D</Filter>
    </ClInclude>
    <ClInclude Include="..\..\..\Material\Material2D\Bilinear2D.h">
      <Filter>Material2D</Filter>
    </ClInclude>
    <ClInclude Include="..\..\..\Material\Material2D\Concrete2D.h">
      <Filter>Material2D</Filter>
    </ClInclude>
    <ClInclude Include="..\..\..\Material\Material2D\Elastic2D.h">
      <Filter>Material2D</Filter>
    </ClInclude>
    <ClInclude Include="..\..\..\Material\Material2D\Material2D.h">
      <Filter>Material2D</Filter>
    </ClInclude>
    <ClInclude Include="..\..\..\Material\Material2D\RebarLayer.h">
      <Filter>Material2D</Filter>
    </ClInclude>
    <ClInclude Include="..\..\..\Material\Material1D\Tester1D.h">
      <Filter>Material1D</Filter>
    </ClInclude>
    <ClInclude Include="..\..\..\Material\Material1D\Maxwell.h">
      <Filter>Material1D</Filter>
    </ClInclude>
    <ClInclude Include="..\..\..\Material\Material1D\Viscosity1D.h">
      <Filter>Material1D</Filter>
    </ClInclude>
    <ClInclude Include="..\..\..\Material\Material2D\CSMM.h">
      <Filter>Material2D</Filter>
    </ClInclude>
    <ClInclude Include="..\..\..\Material\Material2D\RC01.h">
      <Filter>Material2D</Filter>
    </ClInclude>
    <ClInclude Include="..\..\..\Material\Material2D\DSFM.h">
      <Filter>Material2D</Filter>
    </ClInclude>
    <ClInclude Include="..\..\..\Material\Material2D\PlaneStress.h">
      <Filter>Material2D</Filter>
    </ClInclude>
    <ClInclude Include="..\..\..\Material\Material2D\PlaneStrain.h">
      <Filter>Material2D</Filter>
    </ClInclude>
    <ClInclude Include="..\..\..\Material\Material1D\BilinearElastic1D.h">
      <Filter>Material1D</Filter>
    </ClInclude>
    <ClInclude Include="..\..\..\Material\Material3D\CDP.h">
      <Filter>Material3D</Filter>
    </ClInclude>
  </ItemGroup>
</Project>