<?xml version="1.0" encoding="utf-8"?>
<Project ToolsVersion="4.0" xmlns="http://schemas.microsoft.com/developer/msbuild/2003">
  <ItemGroup>
    <Filter Include="Base">
      <UniqueIdentifier>{67DA6AB6-F800-4c08-8B7A-83BB121AAD01}</UniqueIdentifier>
      <Extensions>rc;ico;cur;bmp;dlg;rc2;rct;bin;rgs;gif;jpg;jpeg;jpe;resx;tiff;tif;png;wav;mfcribbon-ms</Extensions>
    </Filter>
    <Filter Include="Section3D">
      <UniqueIdentifier>{84abd309-44c0-4b0d-bc34-a878510570e8}</UniqueIdentifier>
    </Filter>
    <Filter Include="Section1D">
      <UniqueIdentifier>{b51d40a7-5903-4e30-9039-b1cfdb483d8b}</UniqueIdentifier>
    </Filter>
    <Filter Include="Section2D">
      <UniqueIdentifier>{1460c889-b606-4f7b-906c-92cb9a40fbe8}</UniqueIdentifier>
    </Filter>
  </ItemGroup>
  <ItemGroup>
    <ClCompile Include="..\..\..\Section\Section.cpp">
      <Filter>Base</Filter>
    </ClCompile>
    <ClCompile Include="..\..\..\Section\SectionParser.cpp">
      <Filter>Base</Filter>
    </ClCompile>
    <ClCompile Include="..\..\..\Section\ParameterType.cpp">
      <Filter>Base</Filter>
    </ClCompile>
    <ClCompile Include="..\..\..\Section\Section1D\Section1D.cpp">
      <Filter>Section1D</Filter>
    </ClCompile>
    <ClCompile Include="..\..\..\Section\Section2D\Section2D.cpp">
      <Filter>Section2D</Filter>
    </ClCompile>
    <ClCompile Include="..\..\..\Section\Section3D\Section3D.cpp">
      <Filter>Section3D</Filter>
    </ClCompile>
    <ClCompile Include="..\..\..\Section\Section2D\Circle2D.cpp">
      <Filter>Section2D</Filter>
    </ClCompile>
    <ClCompile Include="..\..\..\Section\Section2D\HSection2D.cpp">
      <Filter>Section2D</Filter>
    </ClCompile>
    <ClCompile Include="..\..\..\Section\Section2D\ISection2D.cpp">
      <Filter>Section2D</Filter>
    </ClCompile>
    <ClCompile Include="..\..\..\Section\Section2D\Rectangle2D.cpp">
      <Filter>Section2D</Filter>
    </ClCompile>
    <ClCompile Include="..\..\..\Section\Section1D\Rectangle1D.cpp">
      <Filter>Section1D</Filter>
    </ClCompile>
  </ItemGroup>
  <ItemGroup>
    <ClInclude Include="..\..\..\Section\Section.h">
      <Filter>Base</Filter>
    </ClInclude>
    <ClInclude Include="..\..\..\Section\SectionParser.h">
      <Filter>Base</Filter>
    </ClInclude>
    <ClInclude Include="..\..\..\Section\SectionTag.h">
      <Filter>Base</Filter>
    </ClInclude>
    <ClInclude Include="..\..\..\Section\ParameterType.h">
      <Filter>Base</Filter>
    </ClInclude>
    <ClInclude Include="..\..\..\Section\Section1D\Section1D.h">
      <Filter>Section1D</Filter>
    </ClInclude>
    <ClInclude Include="..\..\..\Section\Section2D\Section2D.h">
      <Filter>Section2D</Filter>
    </ClInclude>
    <ClInclude Include="..\..\..\Section\Section3D\Section3D.h">
      <Filter>Section3D</Filter>
    </ClInclude>
    <ClInclude Include="..\..\..\Section\Section2D\Circle2D.h">
      <Filter>Section2D</Filter>
    </ClInclude>
    <ClInclude Include="..\..\..\Section\Section2D\HSection2D.h">
      <Filter>Section2D</Filter>
    </ClInclude>
    <ClInclude Include="..\..\..\Section\Section2D\ISection2D.h">
      <Filter>Section2D</Filter>
    </ClInclude>
    <ClInclude Include="..\..\..\Section\Section2D\Rectangle2D.h">
      <Filter>Section2D</Filter>
    </ClInclude>
    <ClInclude Include="..\..\..\Section\Section1D\Rectangle1D.h">
      <Filter>Section1D</Filter>
    </ClInclude>
  </ItemGroup>
</Project>