<?xml version="1.0" encoding="utf-8"?>
<Project ToolsVersion="4.0" xmlns="http://schemas.microsoft.com/developer/msbuild/2003">
  <ItemGroup>
    <Filter Include="SRC">
      <UniqueIdentifier>{4FC737F1-C7A5-4376-A066-2A32D752A2FF}</UniqueIdentifier>
      <Extensions>cpp;c;cc;cxx;def;odl;idl;hpj;bat;asm;asmx</Extensions>
    </Filter>
  </ItemGroup>
  <ItemGroup>
    <ClCompile Include="..\..\..\Converger\AbsError.cpp">
      <Filter>SRC</Filter>
    </ClCompile>
    <ClCompile Include="..\..\..\Converger\AbsIncreDisp.cpp">
      <Filter>SRC</Filter>
    </ClCompile>
    <ClCompile Include="..\..\..\Converger\AbsIncreEnergy.cpp">
      <Filter>SRC</Filter>
    </ClCompile>
    <ClCompile Include="..\..\..\Converger\AbsResidual.cpp">
      <Filter>SRC</Filter>
    </ClCompile>
    <ClCompile Include="..\..\..\Converger\Converger.cpp">
      <Filter>SRC</Filter>
    </ClCompile>
    <ClCompile Include="..\..\..\Converger\RelDisp.cpp">
      <Filter>SRC</Filter>
    </ClCompile>
    <ClCompile Include="..\..\..\Converger\RelError.cpp">
      <Filter>SRC</Filter>
    </ClCompile>
    <ClCompile Include="..\..\..\Converger\RelIncreDisp.cpp">
      <Filter>SRC</Filter>
    </ClCompile>
    <ClCompile Include="..\..\..\Converger\RelIncreEnergy.cpp">
      <Filter>SRC</Filter>
    </ClCompile>
    <ClCompile Include="..\..\..\Converger\RelResidual.cpp">
      <Filter>SRC</Filter>
    </ClCompile>
    <ClCompile Include="..\..\..\Converger\AbsDisp.cpp">
      <Filter>SRC</Filter>
    </ClCompile>
  </ItemGroup>
  <ItemGroup>
    <ClInclude Include="..\..\..\Converger\AbsError.h">
      <Filter>SRC</Filter>
    </ClInclude>
    <ClInclude Include="..\..\..\Converger\AbsIncreDisp.h">
      <Filter>SRC</Filter>
    </ClInclude>
    <ClInclude Include="..\..\..\Converger\AbsIncreEnergy.h">
      <Filter>SRC</Filter>
    </ClInclude>
    <ClInclude Include="..\..\..\Converger\AbsResidual.h">
      <Filter>SRC</Filter>
    </ClInclude>
    <ClInclude Include="..\..\..\Converger\Converger.h">
      <Filter>SRC</Filter>
    </ClInclude>
    <ClInclude Include="..\..\..\Converger\RelDisp.h">
      <Filter>SRC</Filter>
    </ClInclude>
    <ClInclude Include="..\..\..\Converger\RelError.h">
      <Filter>SRC</Filter>
    </ClInclude>
    <ClInclude Include="..\..\..\Converger\RelIncreDisp.h">
      <Filter>SRC</Filter>
    </ClInclude>
    <ClInclude Include="..\..\..\Converger\RelIncreEnergy.h">
      <Filter>SRC</Filter>
    </ClInclude>
    <ClInclude Include="..\..\..\Converger\RelResidual.h">
      <Filter>SRC</Filter>
    </ClInclude>
    <ClInclude Include="..\..\..\Converger\AbsDisp.h">
      <Filter>SRC</Filter>
    </ClInclude>
  </ItemGroup>
</Project>